
Microsoft Visual Studio Solution File, Format Version 12.00
# Visual Studio Version 17
VisualStudioVersion = 17.8.34511.84
MinimumVisualStudioVersion = 10.0.40219.1
Project("{2150E333-8FDC-42A3-9474-1A3956D46DE8}") = "Core", "Core", "{50E13F4D-F24C-4506-B1A6-D8124EEA87B1}"
EndProject
Project("{2150E333-8FDC-42A3-9474-1A3956D46DE8}") = "Infrastructure", "Infrastructure", "{C8FD0D9D-4F32-4D6B-91C7-D5F6FCBC48B1}"
EndProject
Project("{2150E333-8FDC-42A3-9474-1A3956D46DE8}") = "Presentation", "Presentation", "{189D27DD-5EB1-4FA5-8BD2-CF0FE527AD0D}"
EndProject
Project("{9A19103F-16F7-4668-BE54-9A1E7A4F7556}") = "API", "API\API.csproj", "{CA96B783-AEBE-42B2-AD77-8964B0748507}"
EndProject
Project("{9A19103F-16F7-4668-BE54-9A1E7A4F7556}") = "Domain", "Domain\Domain.csproj", "{9A14B07E-857E-46B3-AEB3-D5CB0494BA7F}"
EndProject
Project("{9A19103F-16F7-4668-BE54-9A1E7A4F7556}") = "Application", "Application\Application.csproj", "{94364F42-6E4F-4D0B-9664-CC2BA62FF973}"
EndProject
Project("{9A19103F-16F7-4668-BE54-9A1E7A4F7556}") = "Persistence", "Persistence\Persistence.csproj", "{62EB988D-239B-4346-A558-403AFAE7D8AB}"
EndProject
Project("{2150E333-8FDC-42A3-9474-1A3956D46DE8}") = "Tests", "Tests", "{18595914-5893-43BC-B095-07996227A3F0}"
EndProject
Project("{9A19103F-16F7-4668-BE54-9A1E7A4F7556}") = "Application.Tests", "Application.Tests\Application.Tests.csproj", "{3FD4AAAE-A4B4-4E2B-B383-B179D58353F9}"
EndProject
Project("{FAE04EC0-301F-11D3-BF4B-00C04F79EFBC}") = "Membership", "Membership\Membership.csproj", "{357741CD-CEC6-4B20-AB73-141B2143E007}"
EndProject
Global
	GlobalSection(SolutionConfigurationPlatforms) = preSolution
		Debug|Any CPU = Debug|Any CPU
		Release|Any CPU = Release|Any CPU
	EndGlobalSection
	GlobalSection(ProjectConfigurationPlatforms) = postSolution
		{CA96B783-AEBE-42B2-AD77-8964B0748507}.Debug|Any CPU.ActiveCfg = Debug|Any CPU
		{CA96B783-AEBE-42B2-AD77-8964B0748507}.Debug|Any CPU.Build.0 = Debug|Any CPU
		{CA96B783-AEBE-42B2-AD77-8964B0748507}.Release|Any CPU.ActiveCfg = Release|Any CPU
		{CA96B783-AEBE-42B2-AD77-8964B0748507}.Release|Any CPU.Build.0 = Release|Any CPU
		{9A14B07E-857E-46B3-AEB3-D5CB0494BA7F}.Debug|Any CPU.ActiveCfg = Debug|Any CPU
		{9A14B07E-857E-46B3-AEB3-D5CB0494BA7F}.Debug|Any CPU.Build.0 = Debug|Any CPU
		{9A14B07E-857E-46B3-AEB3-D5CB0494BA7F}.Release|Any CPU.ActiveCfg = Release|Any CPU
		{9A14B07E-857E-46B3-AEB3-D5CB0494BA7F}.Release|Any CPU.Build.0 = Release|Any CPU
		{94364F42-6E4F-4D0B-9664-CC2BA62FF973}.Debug|Any CPU.ActiveCfg = Debug|Any CPU
		{94364F42-6E4F-4D0B-9664-CC2BA62FF973}.Debug|Any CPU.Build.0 = Debug|Any CPU
		{94364F42-6E4F-4D0B-9664-CC2BA62FF973}.Release|Any CPU.ActiveCfg = Release|Any CPU
		{94364F42-6E4F-4D0B-9664-CC2BA62FF973}.Release|Any CPU.Build.0 = Release|Any CPU
		{62EB988D-239B-4346-A558-403AFAE7D8AB}.Debug|Any CPU.ActiveCfg = Debug|Any CPU
		{62EB988D-239B-4346-A558-403AFAE7D8AB}.Debug|Any CPU.Build.0 = Debug|Any CPU
		{62EB988D-239B-4346-A558-403AFAE7D8AB}.Release|Any CPU.ActiveCfg = Release|Any CPU
		{62EB988D-239B-4346-A558-403AFAE7D8AB}.Release|Any CPU.Build.0 = Release|Any CPU
		{3FD4AAAE-A4B4-4E2B-B383-B179D58353F9}.Debug|Any CPU.ActiveCfg = Debug|Any CPU
		{3FD4AAAE-A4B4-4E2B-B383-B179D58353F9}.Debug|Any CPU.Build.0 = Debug|Any CPU
		{3FD4AAAE-A4B4-4E2B-B383-B179D58353F9}.Release|Any CPU.ActiveCfg = Release|Any CPU
		{3FD4AAAE-A4B4-4E2B-B383-B179D58353F9}.Release|Any CPU.Build.0 = Release|Any CPU
		{357741CD-CEC6-4B20-AB73-141B2143E007}.Debug|Any CPU.ActiveCfg = Debug|Any CPU
		{357741CD-CEC6-4B20-AB73-141B2143E007}.Debug|Any CPU.Build.0 = Debug|Any CPU
		{357741CD-CEC6-4B20-AB73-141B2143E007}.Release|Any CPU.ActiveCfg = Release|Any CPU
		{357741CD-CEC6-4B20-AB73-141B2143E007}.Release|Any CPU.Build.0 = Release|Any CPU
	EndGlobalSection
	GlobalSection(SolutionProperties) = preSolution
		HideSolutionNode = FALSE
	EndGlobalSection
	GlobalSection(NestedProjects) = preSolution
		{CA96B783-AEBE-42B2-AD77-8964B0748507} = {189D27DD-5EB1-4FA5-8BD2-CF0FE527AD0D}
		{9A14B07E-857E-46B3-AEB3-D5CB0494BA7F} = {50E13F4D-F24C-4506-B1A6-D8124EEA87B1}
		{94364F42-6E4F-4D0B-9664-CC2BA62FF973} = {50E13F4D-F24C-4506-B1A6-D8124EEA87B1}
		{62EB988D-239B-4346-A558-403AFAE7D8AB} = {C8FD0D9D-4F32-4D6B-91C7-D5F6FCBC48B1}
		{3FD4AAAE-A4B4-4E2B-B383-B179D58353F9} = {18595914-5893-43BC-B095-07996227A3F0}
		{357741CD-CEC6-4B20-AB73-141B2143E007} = {C8FD0D9D-4F32-4D6B-91C7-D5F6FCBC48B1}
	EndGlobalSection
	GlobalSection(ExtensibilityGlobals) = postSolution
		SolutionGuid = {29F0E3CB-761D-43AB-B490-BB819E32D8E6}
	EndGlobalSection
EndGlobal
