
Microsoft Visual Studio Solution File, Format Version 12.00
# Visual Studio Version 17
VisualStudioVersion = 17.8.34511.84
MinimumVisualStudioVersion = 10.0.40219.1
Project("{2150E333-8FDC-42A3-9474-1A3956D46DE8}") = "Core", "Core", "{50E13F4D-F24C-4506-B1A6-D8124EEA87B1}"
EndProject
Project("{2150E333-8FDC-42A3-9474-1A3956D46DE8}") = "Infrastructure", "Infrastructure", "{C8FD0D9D-4F32-4D6B-91C7-D5F6FCBC48B1}"
EndProject
Project("{2150E333-8FDC-42A3-9474-1A3956D46DE8}") = "Presentation", "Presentation", "{189D27DD-5EB1-4FA5-8BD2-CF0FE527AD0D}"
EndProject
Project("{2150E333-8FDC-42A3-9474-1A3956D46DE8}") = "Tests", "Tests", "{18595914-5893-43BC-B095-07996227A3F0}"
EndProject
Project("{E53339B2-1760-4266-BCC7-CA923CBCF16C}") = "docker-compose", "docker-compose.dcproj", "{578909F5-8B23-4F9C-A5BD-612AE949C9E9}"
EndProject
Project("{FAE04EC0-301F-11D3-BF4B-00C04F79EFBC}") = "Application.ConsoleApp", "Tests\Application.ConsoleApp\Application.ConsoleApp.csproj", "{9FEDBABE-0D6F-4F3B-A080-12397DC3DBD6}"
EndProject
Project("{FAE04EC0-301F-11D3-BF4B-00C04F79EFBC}") = "Application.IntegrationTests", "Tests\Application.IntegrationTests\Application.IntegrationTests.csproj", "{DB3169B2-AD02-4D74-ADC4-64114067E037}"
EndProject
Project("{FAE04EC0-301F-11D3-BF4B-00C04F79EFBC}") = "Application.UnitTests", "Tests\Application.UnitTests\Application.UnitTests.csproj", "{1D0D1ACC-5D4C-4114-BF13-92B9316DB576}"
EndProject
Project("{FAE04EC0-301F-11D3-BF4B-00C04F79EFBC}") = "API", "Presentation\API\API.csproj", "{50C48883-AC02-4EB0-B89F-7DB81873C264}"
EndProject
Project("{FAE04EC0-301F-11D3-BF4B-00C04F79EFBC}") = "Application", "Core\Application\Application.csproj", "{2201E735-3423-4DDC-8425-C7394CDC84C8}"
EndProject
Project("{FAE04EC0-301F-11D3-BF4B-00C04F79EFBC}") = "Domain", "Core\Domain\Domain.csproj", "{5A21CC1C-0ADD-4315-80FF-C85022660F5C}"
EndProject
Project("{FAE04EC0-301F-11D3-BF4B-00C04F79EFBC}") = "SharedKarnel", "Core\SharedKarnel\SharedKarnel.csproj", "{05433735-C485-4B9E-9DE5-6954F8CFBF66}"
EndProject
Project("{FAE04EC0-301F-11D3-BF4B-00C04F79EFBC}") = "Membership", "Infrastructure\Membership\Membership.csproj", "{81FAD7D6-0500-4BEA-AB8A-CD789E6B664C}"
EndProject
Project("{FAE04EC0-301F-11D3-BF4B-00C04F79EFBC}") = "Persistence", "Infrastructure\Persistence\Persistence.csproj", "{26CD444C-5BD3-4B6D-96F4-0429C97DD691}"
EndProject
Project("{2150E333-8FDC-42A3-9474-1A3956D46DE8}") = "src", "src", "{6E04142C-975D-4A25-94D5-9FF5EA177D31}"
EndProject
Global
	GlobalSection(SolutionConfigurationPlatforms) = preSolution
		Debug|Any CPU = Debug|Any CPU
		Release|Any CPU = Release|Any CPU
	EndGlobalSection
	GlobalSection(ProjectConfigurationPlatforms) = postSolution
		{578909F5-8B23-4F9C-A5BD-612AE949C9E9}.Debug|Any CPU.ActiveCfg = Debug|Any CPU
		{578909F5-8B23-4F9C-A5BD-612AE949C9E9}.Debug|Any CPU.Build.0 = Debug|Any CPU
		{578909F5-8B23-4F9C-A5BD-612AE949C9E9}.Release|Any CPU.ActiveCfg = Release|Any CPU
		{578909F5-8B23-4F9C-A5BD-612AE949C9E9}.Release|Any CPU.Build.0 = Release|Any CPU
		{9FEDBABE-0D6F-4F3B-A080-12397DC3DBD6}.Debug|Any CPU.ActiveCfg = Debug|Any CPU
		{9FEDBABE-0D6F-4F3B-A080-12397DC3DBD6}.Debug|Any CPU.Build.0 = Debug|Any CPU
		{9FEDBABE-0D6F-4F3B-A080-12397DC3DBD6}.Release|Any CPU.ActiveCfg = Release|Any CPU
		{9FEDBABE-0D6F-4F3B-A080-12397DC3DBD6}.Release|Any CPU.Build.0 = Release|Any CPU
		{DB3169B2-AD02-4D74-ADC4-64114067E037}.Debug|Any CPU.ActiveCfg = Debug|Any CPU
		{DB3169B2-AD02-4D74-ADC4-64114067E037}.Debug|Any CPU.Build.0 = Debug|Any CPU
		{DB3169B2-AD02-4D74-ADC4-64114067E037}.Release|Any CPU.ActiveCfg = Release|Any CPU
		{DB3169B2-AD02-4D74-ADC4-64114067E037}.Release|Any CPU.Build.0 = Release|Any CPU
		{1D0D1ACC-5D4C-4114-BF13-92B9316DB576}.Debug|Any CPU.ActiveCfg = Debug|Any CPU
		{1D0D1ACC-5D4C-4114-BF13-92B9316DB576}.Debug|Any CPU.Build.0 = Debug|Any CPU
		{1D0D1ACC-5D4C-4114-BF13-92B9316DB576}.Release|Any CPU.ActiveCfg = Release|Any CPU
		{1D0D1ACC-5D4C-4114-BF13-92B9316DB576}.Release|Any CPU.Build.0 = Release|Any CPU
		{50C48883-AC02-4EB0-B89F-7DB81873C264}.Debug|Any CPU.ActiveCfg = Debug|Any CPU
		{50C48883-AC02-4EB0-B89F-7DB81873C264}.Debug|Any CPU.Build.0 = Debug|Any CPU
		{50C48883-AC02-4EB0-B89F-7DB81873C264}.Release|Any CPU.ActiveCfg = Release|Any CPU
		{50C48883-AC02-4EB0-B89F-7DB81873C264}.Release|Any CPU.Build.0 = Release|Any CPU
		{2201E735-3423-4DDC-8425-C7394CDC84C8}.Debug|Any CPU.ActiveCfg = Debug|Any CPU
		{2201E735-3423-4DDC-8425-C7394CDC84C8}.Debug|Any CPU.Build.0 = Debug|Any CPU
		{2201E735-3423-4DDC-8425-C7394CDC84C8}.Release|Any CPU.ActiveCfg = Release|Any CPU
		{2201E735-3423-4DDC-8425-C7394CDC84C8}.Release|Any CPU.Build.0 = Release|Any CPU
		{5A21CC1C-0ADD-4315-80FF-C85022660F5C}.Debug|Any CPU.ActiveCfg = Debug|Any CPU
		{5A21CC1C-0ADD-4315-80FF-C85022660F5C}.Debug|Any CPU.Build.0 = Debug|Any CPU
		{5A21CC1C-0ADD-4315-80FF-C85022660F5C}.Release|Any CPU.ActiveCfg = Release|Any CPU
		{5A21CC1C-0ADD-4315-80FF-C85022660F5C}.Release|Any CPU.Build.0 = Release|Any CPU
		{05433735-C485-4B9E-9DE5-6954F8CFBF66}.Debug|Any CPU.ActiveCfg = Debug|Any CPU
		{05433735-C485-4B9E-9DE5-6954F8CFBF66}.Debug|Any CPU.Build.0 = Debug|Any CPU
		{05433735-C485-4B9E-9DE5-6954F8CFBF66}.Release|Any CPU.ActiveCfg = Release|Any CPU
		{05433735-C485-4B9E-9DE5-6954F8CFBF66}.Release|Any CPU.Build.0 = Release|Any CPU
		{81FAD7D6-0500-4BEA-AB8A-CD789E6B664C}.Debug|Any CPU.ActiveCfg = Debug|Any CPU
		{81FAD7D6-0500-4BEA-AB8A-CD789E6B664C}.Debug|Any CPU.Build.0 = Debug|Any CPU
		{81FAD7D6-0500-4BEA-AB8A-CD789E6B664C}.Release|Any CPU.ActiveCfg = Release|Any CPU
		{81FAD7D6-0500-4BEA-AB8A-CD789E6B664C}.Release|Any CPU.Build.0 = Release|Any CPU
		{26CD444C-5BD3-4B6D-96F4-0429C97DD691}.Debug|Any CPU.ActiveCfg = Debug|Any CPU
		{26CD444C-5BD3-4B6D-96F4-0429C97DD691}.Debug|Any CPU.Build.0 = Debug|Any CPU
		{26CD444C-5BD3-4B6D-96F4-0429C97DD691}.Release|Any CPU.ActiveCfg = Release|Any CPU
		{26CD444C-5BD3-4B6D-96F4-0429C97DD691}.Release|Any CPU.Build.0 = Release|Any CPU
	EndGlobalSection
	GlobalSection(SolutionProperties) = preSolution
		HideSolutionNode = FALSE
	EndGlobalSection
	GlobalSection(NestedProjects) = preSolution
		{50E13F4D-F24C-4506-B1A6-D8124EEA87B1} = {6E04142C-975D-4A25-94D5-9FF5EA177D31}
		{C8FD0D9D-4F32-4D6B-91C7-D5F6FCBC48B1} = {6E04142C-975D-4A25-94D5-9FF5EA177D31}
		{189D27DD-5EB1-4FA5-8BD2-CF0FE527AD0D} = {6E04142C-975D-4A25-94D5-9FF5EA177D31}
		{18595914-5893-43BC-B095-07996227A3F0} = {6E04142C-975D-4A25-94D5-9FF5EA177D31}
		{578909F5-8B23-4F9C-A5BD-612AE949C9E9} = {6E04142C-975D-4A25-94D5-9FF5EA177D31}
		{9FEDBABE-0D6F-4F3B-A080-12397DC3DBD6} = {18595914-5893-43BC-B095-07996227A3F0}
		{DB3169B2-AD02-4D74-ADC4-64114067E037} = {18595914-5893-43BC-B095-07996227A3F0}
		{1D0D1ACC-5D4C-4114-BF13-92B9316DB576} = {18595914-5893-43BC-B095-07996227A3F0}
		{50C48883-AC02-4EB0-B89F-7DB81873C264} = {189D27DD-5EB1-4FA5-8BD2-CF0FE527AD0D}
		{2201E735-3423-4DDC-8425-C7394CDC84C8} = {50E13F4D-F24C-4506-B1A6-D8124EEA87B1}
		{5A21CC1C-0ADD-4315-80FF-C85022660F5C} = {50E13F4D-F24C-4506-B1A6-D8124EEA87B1}
		{05433735-C485-4B9E-9DE5-6954F8CFBF66} = {50E13F4D-F24C-4506-B1A6-D8124EEA87B1}
		{81FAD7D6-0500-4BEA-AB8A-CD789E6B664C} = {C8FD0D9D-4F32-4D6B-91C7-D5F6FCBC48B1}
		{26CD444C-5BD3-4B6D-96F4-0429C97DD691} = {C8FD0D9D-4F32-4D6B-91C7-D5F6FCBC48B1}
	EndGlobalSection
	GlobalSection(ExtensibilityGlobals) = postSolution
		SolutionGuid = {29F0E3CB-761D-43AB-B490-BB819E32D8E6}
	EndGlobalSection
EndGlobal
